// !$*UTF8*$!
{
	archiveVersion = 1;
	classes = {
	};
	objectVersion = 56;
	objects = {

/* Begin PBXBuildFile section */
		1439BD1F2AA4C2CF008CFF25 /* FlicksterApp.swift in Sources */ = {isa = PBXBuildFile; fileRef = 1439BD1E2AA4C2CF008CFF25 /* FlicksterApp.swift */; };
		1439BD212AA4C2CF008CFF25 /* ContentView.swift in Sources */ = {isa = PBXBuildFile; fileRef = 1439BD202AA4C2CF008CFF25 /* ContentView.swift */; };
		1439BD232AA4C2D1008CFF25 /* Assets.xcassets in Resources */ = {isa = PBXBuildFile; fileRef = 1439BD222AA4C2D1008CFF25 /* Assets.xcassets */; };
		1439BD262AA4C2D1008CFF25 /* Preview Assets.xcassets in Resources */ = {isa = PBXBuildFile; fileRef = 1439BD252AA4C2D1008CFF25 /* Preview Assets.xcassets */; };
		1439BD2E2AA4C914008CFF25 /* PostModel.swift in Sources */ = {isa = PBXBuildFile; fileRef = 1439BD2D2AA4C914008CFF25 /* PostModel.swift */; };
		1439BD312AA4CA9F008CFF25 /* APIBuilder.swift in Sources */ = {isa = PBXBuildFile; fileRef = 1439BD302AA4CA9F008CFF25 /* APIBuilder.swift */; };
		1439BD332AA4CB3C008CFF25 /* ResultStates.swift in Sources */ = {isa = PBXBuildFile; fileRef = 1439BD322AA4CB3C008CFF25 /* ResultStates.swift */; };
		1439BD352AA4CB6C008CFF25 /* APIError.swift in Sources */ = {isa = PBXBuildFile; fileRef = 1439BD342AA4CB6C008CFF25 /* APIError.swift */; };
		1439BD372AA4CBC6008CFF25 /* FeedService.swift in Sources */ = {isa = PBXBuildFile; fileRef = 1439BD362AA4CBC6008CFF25 /* FeedService.swift */; };
		1439BD3A2AA4CE5A008CFF25 /* FeedView.swift in Sources */ = {isa = PBXBuildFile; fileRef = 1439BD392AA4CE5A008CFF25 /* FeedView.swift */; };
		1439BD3D2AA4CEA3008CFF25 /* FeedViewModel.swift in Sources */ = {isa = PBXBuildFile; fileRef = 1439BD3C2AA4CEA3008CFF25 /* FeedViewModel.swift */; };
		1439BD3F2AA4D389008CFF25 /* VideoView.swift in Sources */ = {isa = PBXBuildFile; fileRef = 1439BD3E2AA4D389008CFF25 /* VideoView.swift */; };
/* End PBXBuildFile section */

/* Begin PBXFileReference section */
		1439BD1B2AA4C2CF008CFF25 /* flickster.app */ = {isa = PBXFileReference; explicitFileType = wrapper.application; includeInIndex = 0; path = flickster.app; sourceTree = BUILT_PRODUCTS_DIR; };
		1439BD1E2AA4C2CF008CFF25 /* FlicksterApp.swift */ = {isa = PBXFileReference; lastKnownFileType = sourcecode.swift; path = FlicksterApp.swift; sourceTree = "<group>"; };
		1439BD202AA4C2CF008CFF25 /* ContentView.swift */ = {isa = PBXFileReference; lastKnownFileType = sourcecode.swift; path = ContentView.swift; sourceTree = "<group>"; };
		1439BD222AA4C2D1008CFF25 /* Assets.xcassets */ = {isa = PBXFileReference; lastKnownFileType = folder.assetcatalog; path = Assets.xcassets; sourceTree = "<group>"; };
		1439BD252AA4C2D1008CFF25 /* Preview Assets.xcassets */ = {isa = PBXFileReference; lastKnownFileType = folder.assetcatalog; path = "Preview Assets.xcassets"; sourceTree = "<group>"; };
		1439BD2D2AA4C914008CFF25 /* PostModel.swift */ = {isa = PBXFileReference; lastKnownFileType = sourcecode.swift; path = PostModel.swift; sourceTree = "<group>"; };
		1439BD302AA4CA9F008CFF25 /* APIBuilder.swift */ = {isa = PBXFileReference; lastKnownFileType = sourcecode.swift; path = APIBuilder.swift; sourceTree = "<group>"; };
		1439BD322AA4CB3C008CFF25 /* ResultStates.swift */ = {isa = PBXFileReference; lastKnownFileType = sourcecode.swift; path = ResultStates.swift; sourceTree = "<group>"; };
		1439BD342AA4CB6C008CFF25 /* APIError.swift */ = {isa = PBXFileReference; lastKnownFileType = sourcecode.swift; path = APIError.swift; sourceTree = "<group>"; };
		1439BD362AA4CBC6008CFF25 /* FeedService.swift */ = {isa = PBXFileReference; lastKnownFileType = sourcecode.swift; path = FeedService.swift; sourceTree = "<group>"; };
		1439BD392AA4CE5A008CFF25 /* FeedView.swift */ = {isa = PBXFileReference; lastKnownFileType = sourcecode.swift; path = FeedView.swift; sourceTree = "<group>"; };
		1439BD3C2AA4CEA3008CFF25 /* FeedViewModel.swift */ = {isa = PBXFileReference; lastKnownFileType = sourcecode.swift; path = FeedViewModel.swift; sourceTree = "<group>"; };
		1439BD3E2AA4D389008CFF25 /* VideoView.swift */ = {isa = PBXFileReference; lastKnownFileType = sourcecode.swift; path = VideoView.swift; sourceTree = "<group>"; };
/* End PBXFileReference section */

/* Begin PBXFrameworksBuildPhase section */
		1439BD182AA4C2CF008CFF25 /* Frameworks */ = {
			isa = PBXFrameworksBuildPhase;
			buildActionMask = 2147483647;
			files = (
			);
			runOnlyForDeploymentPostprocessing = 0;
		};
/* End PBXFrameworksBuildPhase section */

/* Begin PBXGroup section */
		1439BD122AA4C2CE008CFF25 = {
			isa = PBXGroup;
			children = (
				1439BD1D2AA4C2CF008CFF25 /* flickster */,
				1439BD1C2AA4C2CF008CFF25 /* Products */,
			);
			sourceTree = "<group>";
		};
		1439BD1C2AA4C2CF008CFF25 /* Products */ = {
			isa = PBXGroup;
			children = (
				1439BD1B2AA4C2CF008CFF25 /* flickster.app */,
			);
			name = Products;
			sourceTree = "<group>";
		};
		1439BD1D2AA4C2CF008CFF25 /* flickster */ = {
			isa = PBXGroup;
			children = (
				1439BD3B2AA4CE91008CFF25 /* ViewModel */,
				1439BD382AA4CE41008CFF25 /* Views */,
				1439BD2F2AA4CA90008CFF25 /* Actions */,
				1439BD2C2AA4C6C1008CFF25 /* Model */,
				1439BD1E2AA4C2CF008CFF25 /* FlicksterApp.swift */,
				1439BD222AA4C2D1008CFF25 /* Assets.xcassets */,
				1439BD242AA4C2D1008CFF25 /* Preview Content */,
			);
			path = flickster;
			sourceTree = "<group>";
		};
		1439BD242AA4C2D1008CFF25 /* Preview Content */ = {
			isa = PBXGroup;
			children = (
				1439BD252AA4C2D1008CFF25 /* Preview Assets.xcassets */,
			);
			path = "Preview Content";
			sourceTree = "<group>";
		};
		1439BD2C2AA4C6C1008CFF25 /* Model */ = {
			isa = PBXGroup;
			children = (
				1439BD2D2AA4C914008CFF25 /* PostModel.swift */,
			);
			path = Model;
			sourceTree = "<group>";
		};
		1439BD2F2AA4CA90008CFF25 /* Actions */ = {
			isa = PBXGroup;
			children = (
				1439BD302AA4CA9F008CFF25 /* APIBuilder.swift */,
				1439BD322AA4CB3C008CFF25 /* ResultStates.swift */,
				1439BD342AA4CB6C008CFF25 /* APIError.swift */,
				1439BD362AA4CBC6008CFF25 /* FeedService.swift */,
			);
			path = Actions;
			sourceTree = "<group>";
		};
		1439BD382AA4CE41008CFF25 /* Views */ = {
			isa = PBXGroup;
			children = (
				1439BD202AA4C2CF008CFF25 /* ContentView.swift */,
				1439BD392AA4CE5A008CFF25 /* FeedView.swift */,
				1439BD3E2AA4D389008CFF25 /* VideoView.swift */,
			);
			path = Views;
			sourceTree = "<group>";
		};
		1439BD3B2AA4CE91008CFF25 /* ViewModel */ = {
			isa = PBXGroup;
			children = (
				1439BD3C2AA4CEA3008CFF25 /* FeedViewModel.swift */,
			);
			path = ViewModel;
			sourceTree = "<group>";
		};
/* End PBXGroup section */

/* Begin PBXNativeTarget section */
		1439BD1A2AA4C2CF008CFF25 /* flickster */ = {
			isa = PBXNativeTarget;
			buildConfigurationList = 1439BD292AA4C2D1008CFF25 /* Build configuration list for PBXNativeTarget "flickster" */;
			buildPhases = (
				1439BD172AA4C2CF008CFF25 /* Sources */,
				1439BD182AA4C2CF008CFF25 /* Frameworks */,
				1439BD192AA4C2CF008CFF25 /* Resources */,
			);
			buildRules = (
			);
			dependencies = (
			);
			name = flickster;
			productName = flickster;
			productReference = 1439BD1B2AA4C2CF008CFF25 /* flickster.app */;
			productType = "com.apple.product-type.application";
		};
/* End PBXNativeTarget section */

/* Begin PBXProject section */
		1439BD132AA4C2CF008CFF25 /* Project object */ = {
			isa = PBXProject;
			attributes = {
				BuildIndependentTargetsInParallel = 1;
				LastSwiftUpdateCheck = 1430;
				LastUpgradeCheck = 1430;
				TargetAttributes = {
					1439BD1A2AA4C2CF008CFF25 = {
						CreatedOnToolsVersion = 14.3.1;
					};
				};
			};
			buildConfigurationList = 1439BD162AA4C2CF008CFF25 /* Build configuration list for PBXProject "flickster" */;
			compatibilityVersion = "Xcode 14.0";
			developmentRegion = en;
			hasScannedForEncodings = 0;
			knownRegions = (
				en,
				Base,
			);
			mainGroup = 1439BD122AA4C2CE008CFF25;
			productRefGroup = 1439BD1C2AA4C2CF008CFF25 /* Products */;
			projectDirPath = "";
			projectRoot = "";
			targets = (
				1439BD1A2AA4C2CF008CFF25 /* flickster */,
			);
		};
/* End PBXProject section */

/* Begin PBXResourcesBuildPhase section */
		1439BD192AA4C2CF008CFF25 /* Resources */ = {
			isa = PBXResourcesBuildPhase;
			buildActionMask = 2147483647;
			files = (
				1439BD262AA4C2D1008CFF25 /* Preview Assets.xcassets in Resources */,
				1439BD232AA4C2D1008CFF25 /* Assets.xcassets in Resources */,
			);
			runOnlyForDeploymentPostprocessing = 0;
		};
/* End PBXResourcesBuildPhase section */

/* Begin PBXSourcesBuildPhase section */
		1439BD172AA4C2CF008CFF25 /* Sources */ = {
			isa = PBXSourcesBuildPhase;
			buildActionMask = 2147483647;
			files = (
				1439BD3A2AA4CE5A008CFF25 /* FeedView.swift in Sources */,
				1439BD312AA4CA9F008CFF25 /* APIBuilder.swift in Sources */,
				1439BD212AA4C2CF008CFF25 /* ContentView.swift in Sources */,
				1439BD372AA4CBC6008CFF25 /* FeedService.swift in Sources */,
				1439BD2E2AA4C914008CFF25 /* PostModel.swift in Sources */,
				1439BD332AA4CB3C008CFF25 /* ResultStates.swift in Sources */,
				1439BD3F2AA4D389008CFF25 /* VideoView.swift in Sources */,
				1439BD1F2AA4C2CF008CFF25 /* FlicksterApp.swift in Sources */,
				1439BD352AA4CB6C008CFF25 /* APIError.swift in Sources */,
				1439BD3D2AA4CEA3008CFF25 /* FeedViewModel.swift in Sources */,
			);
			runOnlyForDeploymentPostprocessing = 0;
		};
/* End PBXSourcesBuildPhase section */

/* Begin XCBuildConfiguration section */
		1439BD272AA4C2D1008CFF25 /* Debug */ = {
			isa = XCBuildConfiguration;
			buildSettings = {
				ALWAYS_SEARCH_USER_PATHS = NO;
				CLANG_ANALYZER_NONNULL = YES;
				CLANG_ANALYZER_NUMBER_OBJECT_CONVERSION = YES_AGGRESSIVE;
				CLANG_CXX_LANGUAGE_STANDARD = "gnu++20";
				CLANG_ENABLE_MODULES = YES;
				CLANG_ENABLE_OBJC_ARC = YES;
				CLANG_ENABLE_OBJC_WEAK = YES;
				CLANG_WARN_BLOCK_CAPTURE_AUTORELEASING = YES;
				CLANG_WARN_BOOL_CONVERSION = YES;
				CLANG_WARN_COMMA = YES;
				CLANG_WARN_CONSTANT_CONVERSION = YES;
				CLANG_WARN_DEPRECATED_OBJC_IMPLEMENTATIONS = YES;
				CLANG_WARN_DIRECT_OBJC_ISA_USAGE = YES_ERROR;
				CLANG_WARN_DOCUMENTATION_COMMENTS = YES;
				CLANG_WARN_EMPTY_BODY = YES;
				CLANG_WARN_ENUM_CONVERSION = YES;
				CLANG_WARN_INFINITE_RECURSION = YES;
				CLANG_WARN_INT_CONVERSION = YES;
				CLANG_WARN_NON_LITERAL_NULL_CONVERSION = YES;
				CLANG_WARN_OBJC_IMPLICIT_RETAIN_SELF = YES;
				CLANG_WARN_OBJC_LITERAL_CONVERSION = YES;
				CLANG_WARN_OBJC_ROOT_CLASS = YES_ERROR;
				CLANG_WARN_QUOTED_INCLUDE_IN_FRAMEWORK_HEADER = YES;
				CLANG_WARN_RANGE_LOOP_ANALYSIS = YES;
				CLANG_WARN_STRICT_PROTOTYPES = YES;
				CLANG_WARN_SUSPICIOUS_MOVE = YES;
				CLANG_WARN_UNGUARDED_AVAILABILITY = YES_AGGRESSIVE;
				CLANG_WARN_UNREACHABLE_CODE = YES;
				CLANG_WARN__DUPLICATE_METHOD_MATCH = YES;
				COPY_PHASE_STRIP = NO;
				DEBUG_INFORMATION_FORMAT = dwarf;
				ENABLE_STRICT_OBJC_MSGSEND = YES;
				ENABLE_TESTABILITY = YES;
				GCC_C_LANGUAGE_STANDARD = gnu11;
				GCC_DYNAMIC_NO_PIC = NO;
				GCC_NO_COMMON_BLOCKS = YES;
				GCC_OPTIMIZATION_LEVEL = 0;
				GCC_PREPROCESSOR_DEFINITIONS = (
					"DEBUG=1",
					"$(inherited)",
				);
				GCC_WARN_64_TO_32_BIT_CONVERSION = YES;
				GCC_WARN_ABOUT_RETURN_TYPE = YES_ERROR;
				GCC_WARN_UNDECLARED_SELECTOR = YES;
				GCC_WARN_UNINITIALIZED_AUTOS = YES_AGGRESSIVE;
				GCC_WARN_UNUSED_FUNCTION = YES;
				GCC_WARN_UNUSED_VARIABLE = YES;
				IPHONEOS_DEPLOYMENT_TARGET = 16.4;
				MTL_ENABLE_DEBUG_INFO = INCLUDE_SOURCE;
				MTL_FAST_MATH = YES;
				ONLY_ACTIVE_ARCH = YES;
				SDKROOT = iphoneos;
				SWIFT_ACTIVE_COMPILATION_CONDITIONS = DEBUG;
				SWIFT_OPTIMIZATION_LEVEL = "-Onone";
			};
			name = Debug;
		};
		1439BD282AA4C2D1008CFF25 /* Release */ = {
			isa = XCBuildConfiguration;
			buildSettings = {
				ALWAYS_SEARCH_USER_PATHS = NO;
				CLANG_ANALYZER_NONNULL = YES;
				CLANG_ANALYZER_NUMBER_OBJECT_CONVERSION = YES_AGGRESSIVE;
				CLANG_CXX_LANGUAGE_STANDARD = "gnu++20";
				CLANG_ENABLE_MODULES = YES;
				CLANG_ENABLE_OBJC_ARC = YES;
				CLANG_ENABLE_OBJC_WEAK = YES;
				CLANG_WARN_BLOCK_CAPTURE_AUTORELEASING = YES;
				CLANG_WARN_BOOL_CONVERSION = YES;
				CLANG_WARN_COMMA = YES;
				CLANG_WARN_CONSTANT_CONVERSION = YES;
				CLANG_WARN_DEPRECATED_OBJC_IMPLEMENTATIONS = YES;
				CLANG_WARN_DIRECT_OBJC_ISA_USAGE = YES_ERROR;
				CLANG_WARN_DOCUMENTATION_COMMENTS = YES;
				CLANG_WARN_EMPTY_BODY = YES;
				CLANG_WARN_ENUM_CONVERSION = YES;
				CLANG_WARN_INFINITE_RECURSION = YES;
				CLANG_WARN_INT_CONVERSION = YES;
				CLANG_WARN_NON_LITERAL_NULL_CONVERSION = YES;
				CLANG_WARN_OBJC_IMPLICIT_RETAIN_SELF = YES;
				CLANG_WARN_OBJC_LITERAL_CONVERSION = YES;
				CLANG_WARN_OBJC_ROOT_CLASS = YES_ERROR;
				CLANG_WARN_QUOTED_INCLUDE_IN_FRAMEWORK_HEADER = YES;
				CLANG_WARN_RANGE_LOOP_ANALYSIS = YES;
				CLANG_WARN_STRICT_PROTOTYPES = YES;
				CLANG_WARN_SUSPICIOUS_MOVE = YES;
				CLANG_WARN_UNGUARDED_AVAILABILITY = YES_AGGRESSIVE;
				CLANG_WARN_UNREACHABLE_CODE = YES;
				CLANG_WARN__DUPLICATE_METHOD_MATCH = YES;
				COPY_PHASE_STRIP = NO;
				DEBUG_INFORMATION_FORMAT = "dwarf-with-dsym";
				ENABLE_NS_ASSERTIONS = NO;
				ENABLE_STRICT_OBJC_MSGSEND = YES;
				GCC_C_LANGUAGE_STANDARD = gnu11;
				GCC_NO_COMMON_BLOCKS = YES;
				GCC_WARN_64_TO_32_BIT_CONVERSION = YES;
				GCC_WARN_ABOUT_RETURN_TYPE = YES_ERROR;
				GCC_WARN_UNDECLARED_SELECTOR = YES;
				GCC_WARN_UNINITIALIZED_AUTOS = YES_AGGRESSIVE;
				GCC_WARN_UNUSED_FUNCTION = YES;
				GCC_WARN_UNUSED_VARIABLE = YES;
				IPHONEOS_DEPLOYMENT_TARGET = 16.4;
				MTL_ENABLE_DEBUG_INFO = NO;
				MTL_FAST_MATH = YES;
				SDKROOT = iphoneos;
				SWIFT_COMPILATION_MODE = wholemodule;
				SWIFT_OPTIMIZATION_LEVEL = "-O";
				VALIDATE_PRODUCT = YES;
			};
			name = Release;
		};
		1439BD2A2AA4C2D1008CFF25 /* Debug */ = {
			isa = XCBuildConfiguration;
			buildSettings = {
				ASSETCATALOG_COMPILER_APPICON_NAME = AppIcon;
				ASSETCATALOG_COMPILER_GLOBAL_ACCENT_COLOR_NAME = AccentColor;
				CODE_SIGN_STYLE = Automatic;
				CURRENT_PROJECT_VERSION = 1;
				DEVELOPMENT_ASSET_PATHS = "\"flickster/Preview Content\"";
				ENABLE_PREVIEWS = YES;
				GENERATE_INFOPLIST_FILE = YES;
				INFOPLIST_KEY_UIApplicationSceneManifest_Generation = YES;
				INFOPLIST_KEY_UIApplicationSupportsIndirectInputEvents = YES;
				INFOPLIST_KEY_UILaunchScreen_Generation = YES;
				INFOPLIST_KEY_UISupportedInterfaceOrientations_iPad = "UIInterfaceOrientationPortrait UIInterfaceOrientationPortraitUpsideDown UIInterfaceOrientationLandscapeLeft UIInterfaceOrientationLandscapeRight";
				INFOPLIST_KEY_UISupportedInterfaceOrientations_iPhone = "UIInterfaceOrientationPortrait UIInterfaceOrientationLandscapeLeft UIInterfaceOrientationLandscapeRight";
				LD_RUNPATH_SEARCH_PATHS = (
					"$(inherited)",
					"@executable_path/Frameworks",
				);
				MARKETING_VERSION = 1.0;
				PRODUCT_BUNDLE_IDENTIFIER = com.soulll.flickster;
				PRODUCT_NAME = "$(TARGET_NAME)";
				SWIFT_EMIT_LOC_STRINGS = YES;
				SWIFT_VERSION = 5.0;
				TARGETED_DEVICE_FAMILY = "1,2";
			};
			name = Debug;
		};
		1439BD2B2AA4C2D1008CFF25 /* Release */ = {
			isa = XCBuildConfiguration;
			buildSettings = {
				ASSETCATALOG_COMPILER_APPICON_NAME = AppIcon;
				ASSETCATALOG_COMPILER_GLOBAL_ACCENT_COLOR_NAME = AccentColor;
				CODE_SIGN_STYLE = Automatic;
				CURRENT_PROJECT_VERSION = 1;
				DEVELOPMENT_ASSET_PATHS = "\"flickster/Preview Content\"";
				ENABLE_PREVIEWS = YES;
				GENERATE_INFOPLIST_FILE = YES;
				INFOPLIST_KEY_UIApplicationSceneManifest_Generation = YES;
				INFOPLIST_KEY_UIApplicationSupportsIndirectInputEvents = YES;
				INFOPLIST_KEY_UILaunchScreen_Generation = YES;
				INFOPLIST_KEY_UISupportedInterfaceOrientations_iPad = "UIInterfaceOrientationPortrait UIInterfaceOrientationPortraitUpsideDown UIInterfaceOrientationLandscapeLeft UIInterfaceOrientationLandscapeRight";
				INFOPLIST_KEY_UISupportedInterfaceOrientations_iPhone = "UIInterfaceOrientationPortrait UIInterfaceOrientationLandscapeLeft UIInterfaceOrientationLandscapeRight";
				LD_RUNPATH_SEARCH_PATHS = (
					"$(inherited)",
					"@executable_path/Frameworks",
				);
				MARKETING_VERSION = 1.0;
				PRODUCT_BUNDLE_IDENTIFIER = com.soulll.flickster;
				PRODUCT_NAME = "$(TARGET_NAME)";
				SWIFT_EMIT_LOC_STRINGS = YES;
				SWIFT_VERSION = 5.0;
				TARGETED_DEVICE_FAMILY = "1,2";
			};
			name = Release;
		};
/* End XCBuildConfiguration section */

/* Begin XCConfigurationList section */
		1439BD162AA4C2CF008CFF25 /* Build configuration list for PBXProject "flickster" */ = {
			isa = XCConfigurationList;
			buildConfigurations = (
				1439BD272AA4C2D1008CFF25 /* Debug */,
				1439BD282AA4C2D1008CFF25 /* Release */,
			);
			defaultConfigurationIsVisible = 0;
			defaultConfigurationName = Release;
		};
		1439BD292AA4C2D1008CFF25 /* Build configuration list for PBXNativeTarget "flickster" */ = {
			isa = XCConfigurationList;
			buildConfigurations = (
				1439BD2A2AA4C2D1008CFF25 /* Debug */,
				1439BD2B2AA4C2D1008CFF25 /* Release */,
			);
			defaultConfigurationIsVisible = 0;
			defaultConfigurationName = Release;
		};
/* End XCConfigurationList section */
	};
	rootObject = 1439BD132AA4C2CF008CFF25 /* Project object */;
}
